
Microsoft Visual Studio Solution File, Format Version 12.00
# Visual Studio Version 17
VisualStudioVersion = 17.5.002.0
MinimumVisualStudioVersion = 10.0.40219.1
Project("{9A19103F-16F7-4668-BE54-9A1E7A4F7556}") = "experiment", "experiment.csproj", "{FF4C0C55-1118-429D-A301-4D4788CD35D2}"
EndProject
Global
	GlobalSection(SolutionConfigurationPlatforms) = preSolution
		Debug|Any CPU = Debug|Any CPU
		Release|Any CPU = Release|Any CPU
	EndGlobalSection
	GlobalSection(ProjectConfigurationPlatforms) = postSolution
		{FF4C0C55-1118-429D-A301-4D4788CD35D2}.Debug|Any CPU.ActiveCfg = Debug|Any CPU
		{FF4C0C55-1118-429D-A301-4D4788CD35D2}.Debug|Any CPU.Build.0 = Debug|Any CPU
		{FF4C0C55-1118-429D-A301-4D4788CD35D2}.Release|Any CPU.ActiveCfg = Release|Any CPU
		{FF4C0C55-1118-429D-A301-4D4788CD35D2}.Release|Any CPU.Build.0 = Release|Any CPU
	EndGlobalSection
	GlobalSection(SolutionProperties) = preSolution
		HideSolutionNode = FALSE
	EndGlobalSection
	GlobalSection(ExtensibilityGlobals) = postSolution
		SolutionGuid = {782C5F59-B614-4209-83C8-D320F12EDDE0}
	EndGlobalSection
EndGlobal
